
Microsoft Visual Studio Solution File, Format Version 12.00
# Visual Studio 15
VisualStudioVersion = 15.0.28010.2003
MinimumVisualStudioVersion = 10.0.40219.1
Project("{FAE04EC0-301F-11D3-BF4B-00C04F79EFBC}") = "Scheduler", "Scheduler\Scheduler.csproj", "{8F303A50-5054-415B-8C1D-FFDFFD41D4B4}"
EndProject
Project("{FAE04EC0-301F-11D3-BF4B-00C04F79EFBC}") = "DaysPravoslavie.Core", "DaysPravoslavie.Parser\DaysPravoslavie.Core.csproj", "{DCFEBA8F-243E-444D-A4B5-C204344C185D}"
EndProject
Global
	GlobalSection(SolutionConfigurationPlatforms) = preSolution
		Debug|Any CPU = Debug|Any CPU
		Release|Any CPU = Release|Any CPU
	EndGlobalSection
	GlobalSection(ProjectConfigurationPlatforms) = postSolution
		{8F303A50-5054-415B-8C1D-FFDFFD41D4B4}.Debug|Any CPU.ActiveCfg = Debug|Any CPU
		{8F303A50-5054-415B-8C1D-FFDFFD41D4B4}.Debug|Any CPU.Build.0 = Debug|Any CPU
		{8F303A50-5054-415B-8C1D-FFDFFD41D4B4}.Release|Any CPU.ActiveCfg = Release|Any CPU
		{8F303A50-5054-415B-8C1D-FFDFFD41D4B4}.Release|Any CPU.Build.0 = Release|Any CPU
		{DCFEBA8F-243E-444D-A4B5-C204344C185D}.Debug|Any CPU.ActiveCfg = Debug|Any CPU
		{DCFEBA8F-243E-444D-A4B5-C204344C185D}.Debug|Any CPU.Build.0 = Debug|Any CPU
		{DCFEBA8F-243E-444D-A4B5-C204344C185D}.Release|Any CPU.ActiveCfg = Release|Any CPU
		{DCFEBA8F-243E-444D-A4B5-C204344C185D}.Release|Any CPU.Build.0 = Release|Any CPU
	EndGlobalSection
	GlobalSection(SolutionProperties) = preSolution
		HideSolutionNode = FALSE
	EndGlobalSection
	GlobalSection(ExtensibilityGlobals) = postSolution
		SolutionGuid = {85425662-F50D-47A0-96C4-78AA74055A3D}
	EndGlobalSection
EndGlobal
